[project]
name = "msme-business-platform"
version = "0.1.0"
description = "MSME Business Platform Streamlit App"
authors = [{ name = "Harishraj Paranthagan" }]
requires-python = ">=3.9"

dependencies = [
    "streamlit>=1.49.0",
    "google-generativeai>=0.8.3",
    "pandas>=2.3.1",
    "pypdf2>=3.0.1",
    "numpy>=2.3.2",
    "python-dateutil>=2.9.0",
    "pytz>=2025.2",
    "six>=1.17.0",
    "tzdata>=2025.2"
]

[tool.poetry]
name = "msme-business-platform"
version = "0.1.0"
description = ""
authors = ["Harishraj Paranthagan"]

[tool.poetry.dependencies]
python = ">=3.9"
streamlit = "^1.49.0"
google-generativeai = "^0.8.3"
pandas = "^2.3.1"
pypdf2 = "^3.0.1"
numpy = "^2.3.2"
python-dateutil = "^2.9.0"
pytz = "^2025.2"
six = "^1.17.0"
tzdata = "^2025.2"
